
Microsoft Visual Studio Solution File, Format Version 12.00
# Visual Studio Version 16
VisualStudioVersion = 16.0.30114.105
MinimumVisualStudioVersion = 10.0.40219.1
Project("{9A19103F-16F7-4668-BE54-9A1E7A4F7556}") = "EvaluatePa", "EvaluatePa\EvaluatePa.csproj", "{5359F91A-0940-4123-8CDB-A253AC737449}"
EndProject
Project("{FAE04EC0-301F-11D3-BF4B-00C04F79EFBC}") = "bObject", "bObject\bObject.csproj", "{B2E1A39A-46E0-424F-B927-2C81623E1052}"
EndProject
Global
	GlobalSection(SolutionConfigurationPlatforms) = preSolution
		Debug|Any CPU = Debug|Any CPU
		Release|Any CPU = Release|Any CPU
	EndGlobalSection
	GlobalSection(ProjectConfigurationPlatforms) = postSolution
		{5359F91A-0940-4123-8CDB-A253AC737449}.Debug|Any CPU.ActiveCfg = Debug|Any CPU
		{5359F91A-0940-4123-8CDB-A253AC737449}.Debug|Any CPU.Build.0 = Debug|Any CPU
		{5359F91A-0940-4123-8CDB-A253AC737449}.Release|Any CPU.ActiveCfg = Release|Any CPU
		{5359F91A-0940-4123-8CDB-A253AC737449}.Release|Any CPU.Build.0 = Release|Any CPU
		{B2E1A39A-46E0-424F-B927-2C81623E1052}.Debug|Any CPU.ActiveCfg = Debug|Any CPU
		{B2E1A39A-46E0-424F-B927-2C81623E1052}.Debug|Any CPU.Build.0 = Debug|Any CPU
		{B2E1A39A-46E0-424F-B927-2C81623E1052}.Release|Any CPU.ActiveCfg = Release|Any CPU
		{B2E1A39A-46E0-424F-B927-2C81623E1052}.Release|Any CPU.Build.0 = Release|Any CPU
	EndGlobalSection
	GlobalSection(SolutionProperties) = preSolution
		HideSolutionNode = FALSE
	EndGlobalSection
	GlobalSection(ExtensibilityGlobals) = postSolution
		SolutionGuid = {427CB2B7-51D6-40EF-BB6C-CA9DB8A19410}
	EndGlobalSection
EndGlobal
